# This file is automatically @generated by Poetry 1.7.1 and should not be changed by hand.

[[package]]
name = "bottle"
version = "0.12.25"
description = "Fast and simple WSGI-framework for small web-applications."
optional = false
python-versions = "*"
files = [
    {file = "bottle-0.12.25-py3-none-any.whl", hash = "sha256:d6f15f9d422670b7c073d63bd8d287b135388da187a0f3e3c19293626ce034ea"},
    {file = "bottle-0.12.25.tar.gz", hash = "sha256:e1a9c94970ae6d710b3fb4526294dfeb86f2cb4a81eff3a4b98dc40fb0e5e021"},
]

[[package]]
name = "packaging"
version = "24.1"
description = "Core utilities for Python packages"
optional = false
python-versions = ">=3.8"
files = [
    {file = "packaging-24.1-py3-none-any.whl", hash = "sha256:5b8f2217dbdbd2f7f384c41c628544e6d52f2d0f53c6d0c3ea61aa5d1d7ff124"},
    {file = "packaging-24.1.tar.gz", hash = "sha256:026ed72c8ed3fcce5bf8950572258698927fd1dbda10a5e981cdf0ac37f4f002"},
]

[[package]]
name = "proxy-tools"
version = "0.1.0"
description = "Proxy Implementation"
optional = false
python-versions = "*"
files = [
    {file = "proxy_tools-0.1.0.tar.gz", hash = "sha256:ccb3751f529c047e2d8a58440d86b205303cf0fe8146f784d1cbcd94f0a28010"},
]

[[package]]
name = "pycairo"
version = "1.26.1"
description = "Python interface for cairo"
optional = false
python-versions = ">=3.8"
files = [
    {file = "pycairo-1.26.1-cp310-cp310-win32.whl", hash = "sha256:b93b9e3072826a346f1f79cb1becc403d1ba4a3971cad61d144db0fe6dcb6be8"},
    {file = "pycairo-1.26.1-cp310-cp310-win_amd64.whl", hash = "sha256:acfc76924ed668d8fea50f6cc6097b9a57ef6cd3dc3f2fa20814380d639a6dd2"},
    {file = "pycairo-1.26.1-cp310-cp310-win_arm64.whl", hash = "sha256:067191315c3b4d09cad1ec57cdb8fc1d72e2574e89389c268a94f22d4fa98b5f"},
    {file = "pycairo-1.26.1-cp311-cp311-win32.whl", hash = "sha256:56a29623aa7b4adbde5024c61ff001455b5a3def79e512742ea45ab36c3fe24b"},
    {file = "pycairo-1.26.1-cp311-cp311-win_amd64.whl", hash = "sha256:8d2889e03a095de5da9e68a589b691a3ada09d60ef18b5fc1b1b99f2a7794297"},
    {file = "pycairo-1.26.1-cp311-cp311-win_arm64.whl", hash = "sha256:7a307111de345304ed8eadd7f81ebd7fb1fc711224aa314a4e8e33af7dfa3d27"},
    {file = "pycairo-1.26.1-cp312-cp312-win32.whl", hash = "sha256:5cc1808e9e30ccd0f4d84ba7700db5aab5673f8b6b901760369ebb88a0823436"},
    {file = "pycairo-1.26.1-cp312-cp312-win_amd64.whl", hash = "sha256:36131a726f568b2dbc5e78ff50fbaa379e69db00614d46d66b1e4289caf9b1ce"},
    {file = "pycairo-1.26.1-cp312-cp312-win_arm64.whl", hash = "sha256:5577b51543ea4c283c15f436d891e9eaf6fd43fe74882adb032fba2c271f3fe9"},
    {file = "pycairo-1.26.1-cp38-cp38-win32.whl", hash = "sha256:27ec7b42c58af35dc11352881262dce4254378b0f11be0959d1c13edb4539d2c"},
    {file = "pycairo-1.26.1-cp38-cp38-win_amd64.whl", hash = "sha256:27357994d277b3fd10a45e9ef58f80a4cb5e3291fe76c5edd58d2d06335eb8e7"},
    {file = "pycairo-1.26.1-cp39-cp39-win32.whl", hash = "sha256:e68300d1c2196d1d34de3432885ae9ff78e10426fa16f765742a11c6f8fe0a71"},
    {file = "pycairo-1.26.1-cp39-cp39-win_amd64.whl", hash = "sha256:ce049930e294c29b53c68dcaab3df97cc5de7eb1d3d8e8a9f5c77e7164cd6e85"},
    {file = "pycairo-1.26.1-cp39-cp39-win_arm64.whl", hash = "sha256:22e1db531d4ed3167a98f0ea165bfa2a30df9d6eb22361c38158c031065999a4"},
    {file = "pycairo-1.26.1.tar.gz", hash = "sha256:a11b999ce55b798dbf13516ab038e0ce8b6ec299b208d7c4e767a6f7e68e8430"},
]

[[package]]
name = "pycparser"
version = "2.22"
description = "C parser in Python"
optional = false
python-versions = ">=3.8"
files = [
    {file = "pycparser-2.22-py3-none-any.whl", hash = "sha256:c3702b6d3dd8c7abc1afa565d7e63d53a1d0bd86cdc24edd75470f4de499cfcc"},
    {file = "pycparser-2.22.tar.gz", hash = "sha256:491c8be9c040f5390f5bf44a5b07752bd07f56edf992381b05c701439eec10f6"},
]

[[package]]
name = "pygobject"
version = "3.48.2"
description = "Python bindings for GObject Introspection"
optional = false
python-versions = "<4,>=3.8"
files = [
    {file = "pygobject-3.48.2.tar.gz", hash = "sha256:c3c0a7afbe5b2c1c64dc0530109b4dd571085153dbedfbccb8ec7c5ad233f977"},
]

[package.dependencies]
pycairo = ">=1.16"

[package.extras]
dev = ["flake8", "pytest", "pytest-cov"]
docs = ["sphinx (>=4.0,<5.0)", "sphinx-rtd-theme (>=0.5,<2.0)"]

[[package]]
name = "pygobject-stubs"
version = "2.11.0"
description = "Typing stubs for PyGObject"
optional = false
python-versions = ">=3.7"
files = [
    {file = "PyGObject-stubs-2.11.0.tar.gz", hash = "sha256:e1c7e32658213ae711d8afc5ea083a434231b8b588d1de23f50d5705a9c8eefe"},
]

[package.extras]
dev = ["PyGObject", "black (>=24.1.1)", "codespell", "isort (>=5.13.2)", "pre-commit", "ruff"]

[[package]]
name = "pyobjc-core"
version = "10.3.1"
description = "Python<->ObjC Interoperability Module"
optional = false
python-versions = ">=3.8"
files = [
    {file = "pyobjc_core-10.3.1-cp310-cp310-macosx_10_9_universal2.whl", hash = "sha256:ea46d2cda17921e417085ac6286d43ae448113158afcf39e0abe484c58fb3d78"},
    {file = "pyobjc_core-10.3.1-cp311-cp311-macosx_10_9_universal2.whl", hash = "sha256:899d3c84d2933d292c808f385dc881a140cf08632907845043a333a9d7c899f9"},
    {file = "pyobjc_core-10.3.1-cp312-cp312-macosx_10_9_universal2.whl", hash = "sha256:6ff5823d13d0a534cdc17fa4ad47cf5bee4846ce0fd27fc40012e12b46db571b"},
    {file = "pyobjc_core-10.3.1-cp313-cp313-macosx_10_13_universal2.whl", hash = "sha256:2581e8e68885bcb0e11ec619e81ef28e08ee3fac4de20d8cc83bc5af5bcf4a90"},
    {file = "pyobjc_core-10.3.1-cp38-cp38-macosx_10_9_x86_64.whl", hash = "sha256:ea98d4c2ec39ca29e62e0327db21418696161fb138ee6278daf2acbedf7ce504"},
    {file = "pyobjc_core-10.3.1-cp38-cp38-macosx_11_0_universal2.whl", hash = "sha256:4c179c26ee2123d0aabffb9dbc60324b62b6f8614fb2c2328b09386ef59ef6d8"},
    {file = "pyobjc_core-10.3.1-cp39-cp39-macosx_10_9_universal2.whl", hash = "sha256:cb901fce65c9be420c40d8a6ee6fff5ff27c6945f44fd7191989b982baa66dea"},
    {file = "pyobjc_core-10.3.1.tar.gz", hash = "sha256:b204a80ccc070f9ab3f8af423a3a25a6fd787e228508d00c4c30f8ac538ba720"},
]

[[package]]
name = "pyobjc-framework-cocoa"
version = "10.3.1"
description = "Wrappers for the Cocoa frameworks on macOS"
optional = false
python-versions = ">=3.8"
files = [
    {file = "pyobjc_framework_Cocoa-10.3.1-cp310-cp310-macosx_10_9_universal2.whl", hash = "sha256:4cb4f8491ab4d9b59f5187e42383f819f7a46306a4fa25b84f126776305291d1"},
    {file = "pyobjc_framework_Cocoa-10.3.1-cp311-cp311-macosx_10_9_universal2.whl", hash = "sha256:5f31021f4f8fdf873b57a97ee1f3c1620dbe285e0b4eaed73dd0005eb72fd773"},
    {file = "pyobjc_framework_Cocoa-10.3.1-cp312-cp312-macosx_10_9_universal2.whl", hash = "sha256:11b4e0bad4bbb44a4edda128612f03cdeab38644bbf174de0c13129715497296"},
    {file = "pyobjc_framework_Cocoa-10.3.1-cp313-cp313-macosx_10_13_universal2.whl", hash = "sha256:de5e62e5ccf2871a94acf3bf79646b20ea893cc9db78afa8d1fe1b0d0f7cbdb0"},
    {file = "pyobjc_framework_Cocoa-10.3.1-cp38-cp38-macosx_10_9_x86_64.whl", hash = "sha256:6c5af24610ab639bd1f521ce4500484b40787f898f691b7a23da3339e6bc8b90"},
    {file = "pyobjc_framework_Cocoa-10.3.1-cp38-cp38-macosx_11_0_universal2.whl", hash = "sha256:a7151186bb7805deea434fae9a4423335e6371d105f29e73cc2036c6779a9dbc"},
    {file = "pyobjc_framework_Cocoa-10.3.1-cp39-cp39-macosx_10_9_universal2.whl", hash = "sha256:743d2a1ac08027fd09eab65814c79002a1d0421d7c0074ffd1217b6560889744"},
    {file = "pyobjc_framework_cocoa-10.3.1.tar.gz", hash = "sha256:1cf20714daaa986b488fb62d69713049f635c9d41a60c8da97d835710445281a"},
]

[package.dependencies]
pyobjc-core = ">=10.3.1"

[[package]]
name = "pyobjc-framework-security"
version = "10.3.1"
description = "Wrappers for the framework Security on macOS"
optional = false
python-versions = ">=3.8"
files = [
    {file = "pyobjc_framework_Security-10.3.1-cp310-cp310-macosx_10_9_universal2.whl", hash = "sha256:9de850e5d29cb8605c0d7f7fb4a8d29ad5ece6c58a2ab16fba3f985e6b9ee05a"},
    {file = "pyobjc_framework_Security-10.3.1-cp311-cp311-macosx_10_9_universal2.whl", hash = "sha256:499372b4b87de0198601e0c6b3d3e43d48605218149a5808c6567b601147a9bf"},
    {file = "pyobjc_framework_Security-10.3.1-cp312-cp312-macosx_10_9_universal2.whl", hash = "sha256:b3daed9661bd80245dd8dbc738a17870226969db27f6dbb3424ec0ebdbb6ba83"},
    {file = "pyobjc_framework_Security-10.3.1-cp313-cp313-macosx_10_13_universal2.whl", hash = "sha256:6120e91282985bcec3b44c1bc4f9c26d40cd07b4ac3dc81f745d73c13f8b5523"},
    {file = "pyobjc_framework_Security-10.3.1-cp38-cp38-macosx_10_9_x86_64.whl", hash = "sha256:43450895cd84256b313b547c9b256a4c0dc4b91195ec3e744f4f247d3cda0b77"},
    {file = "pyobjc_framework_Security-10.3.1-cp38-cp38-macosx_11_0_universal2.whl", hash = "sha256:de52be2ce5ea98f2c224fea248227dcb3e7028d9814d0894ea6ea3c6da0f9160"},
    {file = "pyobjc_framework_Security-10.3.1-cp39-cp39-macosx_10_9_universal2.whl", hash = "sha256:df39effeeb79482dd5805fd05e34a7c3ab30233a6e06e251cf7f8620430574fe"},
    {file = "pyobjc_framework_security-10.3.1.tar.gz", hash = "sha256:0d4e679a8aebaef9b54bd24e2fe2794ad5c28d601b6d140ed38370594bcb6fa0"},
]

[package.dependencies]
pyobjc-core = ">=10.3.1"
pyobjc-framework-Cocoa = ">=10.3.1"

[[package]]
name = "pyobjc-framework-webkit"
version = "10.3.1"
description = "Wrappers for the framework WebKit on macOS"
optional = false
python-versions = ">=3.8"
files = [
    {file = "pyobjc_framework_WebKit-10.3.1-cp36-abi3-macosx_10_13_universal2.whl", hash = "sha256:df52913e4c3cb77d4551d9848e30be01b82cace54cede850c88a7e0ab41a20a9"},
    {file = "pyobjc_framework_WebKit-10.3.1-cp36-abi3-macosx_10_9_universal2.whl", hash = "sha256:207a7aa57817d3ab3fa033e42ab612f8c00521f13ff2871547c92cd94ed51f85"},
    {file = "pyobjc_framework_WebKit-10.3.1-cp36-abi3-macosx_10_9_x86_64.whl", hash = "sha256:c0d4c1ba0fafae503a8df95e7b6bd4236951ba72508ec62809e37825f382c635"},
    {file = "pyobjc_framework_WebKit-10.3.1-cp36-abi3-macosx_11_0_universal2.whl", hash = "sha256:c8e3334978a1bd927ea14ed73f56d6741561a69d31d082d2b23d1b48446917c8"},
    {file = "pyobjc_framework_webkit-10.3.1.tar.gz", hash = "sha256:7ad9f4eb91a6dff39848d9c2ab71f170aeab4b6396bcec8e5a780739f9be4222"},
]

[package.dependencies]
pyobjc-core = ">=10.3.1"
pyobjc-framework-Cocoa = ">=10.3.1"

[[package]]
name = "pythonnet"
version = "2.5.2"
description = ".Net and Mono integration for Python"
optional = false
python-versions = "*"
files = [
    {file = "pythonnet-2.5.2-cp27-cp27m-win32.whl", hash = "sha256:d519bbc7b1cd3999651efc594d91cb67c46d1d8466dad3d83b578102e58d05bd"},
    {file = "pythonnet-2.5.2-cp27-cp27m-win_amd64.whl", hash = "sha256:c02f53d0e61b202cddf3198fac9553d5b4ee0ea0cc4fe658c2ed69ab24def276"},
    {file = "pythonnet-2.5.2-cp35-cp35m-win32.whl", hash = "sha256:840bdef89b378663d73f74f18895b6d8630d1f5671457a1db5ffb68179d85582"},
    {file = "pythonnet-2.5.2-cp35-cp35m-win_amd64.whl", hash = "sha256:d8e5b27de1e2cfb69b88782ac5cdf605b1a73598a85d86570e46961126628dbb"},
    {file = "pythonnet-2.5.2-cp36-cp36m-win32.whl", hash = "sha256:62645c29840c4a877d66e047f3e065b2e5a1a66431a99bce8d42a5af3a093ee1"},
    {file = "pythonnet-2.5.2-cp36-cp36m-win_amd64.whl", hash = "sha256:058e536062d1585d07ec5f2cf16aefcfc8eb8179faa90e5db0063d358469d025"},
    {file = "pythonnet-2.5.2-cp37-cp37m-win32.whl", hash = "sha256:cc77fc63e2afb0a80199ab44ced4fdfb78c19d8030063c345c80740d15380dd9"},
    {file = "pythonnet-2.5.2-cp37-cp37m-win_amd64.whl", hash = "sha256:80c8f5c9bd10440a73eb6aedbbacb2f3dd7701b474816f5ef7636f529d838d38"},
    {file = "pythonnet-2.5.2-cp38-cp38-win32.whl", hash = "sha256:41a607b7304e9efc6d4d8db438d6018a17c6637e8b8998848ff5c2a7a1b4687c"},
    {file = "pythonnet-2.5.2-cp38-cp38-win_amd64.whl", hash = "sha256:00a4fed9fc05b4efbe8947c79dc0799cffbca4c89e3e068e70b6618f20c906f2"},
    {file = "pythonnet-2.5.2.tar.gz", hash = "sha256:b7287480a1f6ae4b6fc80d775446d8af00e051ca1646b6cc3d32c5d3a461ede3"},
]

[package.dependencies]
pycparser = "*"

[[package]]
name = "pywebview"
version = "5.1"
description = "Build GUI for your Python program with JavaScript, HTML, and CSS"
optional = false
python-versions = ">=3.7"
files = [
    {file = "pywebview-5.1-py3-none-any.whl", hash = "sha256:e352f587f82c173b28981fa0c893fab6124eb40d18c312e2bebf5346ab9f9f2c"},
    {file = "pywebview-5.1.tar.gz", hash = "sha256:87eb60c299de5f20269aa18588ca6dd0d79580df5adc6edf8ac1e184fbe4885c"},
]

[package.dependencies]
bottle = "*"
proxy-tools = "*"
PyGObject = {version = "*", optional = true, markers = "extra == \"gtk\""}
PyGObject-stubs = {version = "*", optional = true, markers = "extra == \"gtk\""}
pyobjc-core = {version = "*", markers = "sys_platform == \"darwin\""}
pyobjc-framework-Cocoa = {version = "*", markers = "sys_platform == \"darwin\""}
pyobjc-framework-security = {version = "*", markers = "sys_platform == \"darwin\""}
pyobjc-framework-WebKit = {version = "*", markers = "sys_platform == \"darwin\""}
pythonnet = {version = "*", markers = "sys_platform == \"win32\""}
QtPy = {version = "*", markers = "sys_platform == \"openbsd6\""}
typing-extensions = "*"

[package.extras]
android = ["jnius", "kivy"]
cef = ["cefpython3"]
gtk = ["PyGObject", "PyGObject-stubs"]
pyside2 = ["PySide2", "QtPy"]
pyside6 = ["PySide6", "QtPy"]
qt = ["PyQt5", "QtPy", "pyqtwebengine"]

[[package]]
name = "qtpy"
version = "2.4.1"
description = "Provides an abstraction layer on top of the various Qt bindings (PyQt5/6 and PySide2/6)."
optional = false
python-versions = ">=3.7"
files = [
    {file = "QtPy-2.4.1-py3-none-any.whl", hash = "sha256:1c1d8c4fa2c884ae742b069151b0abe15b3f70491f3972698c683b8e38de839b"},
    {file = "QtPy-2.4.1.tar.gz", hash = "sha256:a5a15ffd519550a1361bdc56ffc07fda56a6af7292f17c7b395d4083af632987"},
]

[package.dependencies]
packaging = "*"

[package.extras]
test = ["pytest (>=6,!=7.0.0,!=7.0.1)", "pytest-cov (>=3.0.0)", "pytest-qt"]

[[package]]
name = "typing-extensions"
version = "4.12.2"
description = "Backported and Experimental Type Hints for Python 3.8+"
optional = false
python-versions = ">=3.8"
files = [
    {file = "typing_extensions-4.12.2-py3-none-any.whl", hash = "sha256:04e5ca0351e0f3f85c6853954072df659d0d13fac324d0072316b67d7794700d"},
    {file = "typing_extensions-4.12.2.tar.gz", hash = "sha256:1a7ead55c7e559dd4dee8856e3a88b41225abfe1ce8df57b7c13915fe121ffb8"},
]

[metadata]
lock-version = "2.0"
python-versions = "^3.10"
content-hash = "59a90a603ae4e89b0213577a11c802ac78586f2ddf244b0ed5486a4e90c53cbe"
